
Microsoft Visual Studio Solution File, Format Version 12.00
# Visual Studio Version 16
VisualStudioVersion = 16.0.30709.64
MinimumVisualStudioVersion = 10.0.40219.1
Project("{2150E333-8FDC-42A3-9474-1A3956D46DE8}") = "01.Clients", "01.Clients", "{A272793E-7B29-4061-8280-B4555F174278}"
EndProject
Project("{2150E333-8FDC-42A3-9474-1A3956D46DE8}") = "02.Api.Gateways", "02.Api.Gateways", "{EF60A91B-E162-40D1-9F7D-863DB5A763E6}"
EndProject
Project("{2150E333-8FDC-42A3-9474-1A3956D46DE8}") = "03.Services", "03.Services", "{D487328B-54D5-46D8-9904-2BCD8DEA8EC6}"
EndProject
Project("{2150E333-8FDC-42A3-9474-1A3956D46DE8}") = "01.Identity", "01.Identity", "{99A0CC03-20F8-4457-BA73-7EC65A0A82D6}"
EndProject
Project("{2150E333-8FDC-42A3-9474-1A3956D46DE8}") = "02.Catalog", "02.Catalog", "{6D0CAFE0-B4F3-4C75-9186-342684597200}"
EndProject
Project("{2150E333-8FDC-42A3-9474-1A3956D46DE8}") = "03.Customer", "03.Customer", "{66E41D2C-924A-44B4-A1AD-C9A8B36077A7}"
EndProject
Project("{2150E333-8FDC-42A3-9474-1A3956D46DE8}") = "04.Order", "04.Order", "{E03C8016-1FA0-4EAA-89E8-4447D57A20D8}"
EndProject
Project("{9A19103F-16F7-4668-BE54-9A1E7A4F7556}") = "Catalog.Api", "src\Services\Catalog\Catalog.Api\Catalog.Api.csproj", "{FF4F094F-4731-4B06-983E-24500F6AEA7A}"
EndProject
Project("{9A19103F-16F7-4668-BE54-9A1E7A4F7556}") = "Catalog.Domain", "src\Services\Catalog\Catalog.Domain\Catalog.Domain.csproj", "{644331F3-8026-482F-8F07-47D893338866}"
EndProject
Project("{9A19103F-16F7-4668-BE54-9A1E7A4F7556}") = "Catalog.Persistence.Database", "src\Services\Catalog\Catalog.Persistence.Database\Catalog.Persistence.Database.csproj", "{BF104307-7523-4402-8806-A26EBD7EE240}"
EndProject
Project("{9A19103F-16F7-4668-BE54-9A1E7A4F7556}") = "Catalog.Service.Queries", "src\Services\Catalog\Catalog.Service.Queries\Catalog.Service.Queries.csproj", "{CB44A8BE-557E-4414-BC16-3BE87D621C1F}"
EndProject
Project("{2150E333-8FDC-42A3-9474-1A3956D46DE8}") = "Common", "Common", "{4DE44626-7D92-4F9B-81A8-742816F438A7}"
EndProject
Project("{9A19103F-16F7-4668-BE54-9A1E7A4F7556}") = "Service.Common.Collection", "src\Services\Common\Service.Common.Collection\Service.Common.Collection.csproj", "{7BB22E25-E14C-499B-B89A-A08CB3019078}"
EndProject
Project("{9A19103F-16F7-4668-BE54-9A1E7A4F7556}") = "Service.Common.Mapping", "src\Services\Common\Service.Common.Mapping\Service.Common.Mapping.csproj", "{08880277-8D84-468A-8CFB-E760BF0B031D}"
EndProject
Project("{9A19103F-16F7-4668-BE54-9A1E7A4F7556}") = "Service.Common.Paging", "src\Services\Common\Service.Common.Paging\Service.Common.Paging.csproj", "{AEA3EAA9-95E8-44E1-B08C-C1BEDD8E8B16}"
EndProject
Project("{9A19103F-16F7-4668-BE54-9A1E7A4F7556}") = "Catalog.Service.EventHandlers", "src\Services\Catalog\Catalog.Service.EventHandlers\Catalog.Service.EventHandlers.csproj", "{4CE1DAC3-3681-4221-9711-DBFB86F35B16}"
EndProject
Project("{9A19103F-16F7-4668-BE54-9A1E7A4F7556}") = "Catalog.Common", "src\Services\Catalog\Catalog.Common\Catalog.Common.csproj", "{692C176F-2AED-4394-909E-F70941327647}"
EndProject
Project("{2150E333-8FDC-42A3-9474-1A3956D46DE8}") = "04.Common", "04.Common", "{708987A8-D4D3-4A20-A55A-E7DA5A932D8A}"
EndProject
Project("{9A19103F-16F7-4668-BE54-9A1E7A4F7556}") = "Common.Logging", "src\Common\Common.Logging\Common.Logging.csproj", "{9412FD10-1FB0-4EF3-B89F-5E3867B2F38A}"
EndProject
Project("{9A19103F-16F7-4668-BE54-9A1E7A4F7556}") = "Catalog.Tests", "src\Services\Catalog\Catalog.Tests\Catalog.Tests.csproj", "{C937A885-B591-4924-803C-963B739498E8}"
EndProject
Project("{9A19103F-16F7-4668-BE54-9A1E7A4F7556}") = "Customer.Api", "src\Services\Customer\Customer.Api\Customer.Api.csproj", "{7610FA66-96BE-429F-AD93-506FF97FD5B2}"
EndProject
Project("{9A19103F-16F7-4668-BE54-9A1E7A4F7556}") = "Customer.Common", "src\Services\Customer\Customer.Common\Customer.Common.csproj", "{F0A426E9-F169-4790-B883-35695A2BB6EA}"
EndProject
Project("{9A19103F-16F7-4668-BE54-9A1E7A4F7556}") = "Customer.Domain", "src\Services\Customer\Customer.Domain\Customer.Domain.csproj", "{066860F7-E5CB-48A8-A6CD-6857EE5DF8EC}"
EndProject
Project("{9A19103F-16F7-4668-BE54-9A1E7A4F7556}") = "Customer.Persistence.Database", "src\Services\Customer\Customer.Persistence.Database\Customer.Persistence.Database.csproj", "{55CBD6D8-ABD3-4E1D-AD2F-BC7D54E5F16F}"
EndProject
Project("{9A19103F-16F7-4668-BE54-9A1E7A4F7556}") = "Customer.Service.EventHandlers", "src\Services\Customer\Customer.Service.EventHandlers\Customer.Service.EventHandlers.csproj", "{89B5D243-AE7F-497D-A0C5-68100AFEAF8C}"
EndProject
Project("{9A19103F-16F7-4668-BE54-9A1E7A4F7556}") = "Customer.Service.Queries", "src\Services\Customer\Customer.Service.Queries\Customer.Service.Queries.csproj", "{ABA99E00-D5CB-4C1F-88AE-B3BD678324FC}"
EndProject
Project("{9A19103F-16F7-4668-BE54-9A1E7A4F7556}") = "Customer.Tests", "src\Services\Customer\Customer.Tests\Customer.Tests.csproj", "{882CD9D1-3EE6-43DD-8F0E-4FC0556E6925}"
EndProject
Project("{9A19103F-16F7-4668-BE54-9A1E7A4F7556}") = "Order.Api", "src\Services\Order\Order.Api\Order.Api.csproj", "{FAF630EB-8561-4FD4-BBF3-E812437D8592}"
EndProject
Project("{9A19103F-16F7-4668-BE54-9A1E7A4F7556}") = "Order.Common", "src\Services\Order\Order.Common\Order.Common.csproj", "{5D982E8D-0D19-4090-A9B5-7249B6CC6C8A}"
EndProject
Project("{9A19103F-16F7-4668-BE54-9A1E7A4F7556}") = "Order.Domain", "src\Services\Order\Order.Domain\Order.Domain.csproj", "{30A374E9-D5F6-4641-A4B3-271D8F508DC5}"
EndProject
Project("{9A19103F-16F7-4668-BE54-9A1E7A4F7556}") = "Order.Persistence.Database", "src\Services\Order\Order.Persistence.Database\Order.Persistence.Database.csproj", "{514A94DB-C79B-4435-B393-B1BBC50412AA}"
EndProject
Project("{9A19103F-16F7-4668-BE54-9A1E7A4F7556}") = "Order.Service.EventHandlers", "src\Services\Order\Order.Service.EventHandlers\Order.Service.EventHandlers.csproj", "{E272808F-3CFD-426D-BB79-705729470BFB}"
EndProject
Project("{9A19103F-16F7-4668-BE54-9A1E7A4F7556}") = "Order.Service.Queries", "src\Services\Order\Order.Service.Queries\Order.Service.Queries.csproj", "{8AA7C863-3115-48F8-9AEB-AA2D370EC430}"
EndProject
Project("{FAE04EC0-301F-11D3-BF4B-00C04F79EFBC}") = "Order.Service.Proxies", "src\Services\Order\Order.Service.Proxies\Order.Service.Proxies.csproj", "{C3D23D6F-CECD-47F3-8DC9-B5A815342B0B}"
EndProject
Global
	GlobalSection(SolutionConfigurationPlatforms) = preSolution
		Debug|Any CPU = Debug|Any CPU
		Release|Any CPU = Release|Any CPU
	EndGlobalSection
	GlobalSection(ProjectConfigurationPlatforms) = postSolution
		{FF4F094F-4731-4B06-983E-24500F6AEA7A}.Debug|Any CPU.ActiveCfg = Debug|Any CPU
		{FF4F094F-4731-4B06-983E-24500F6AEA7A}.Debug|Any CPU.Build.0 = Debug|Any CPU
		{FF4F094F-4731-4B06-983E-24500F6AEA7A}.Release|Any CPU.ActiveCfg = Release|Any CPU
		{FF4F094F-4731-4B06-983E-24500F6AEA7A}.Release|Any CPU.Build.0 = Release|Any CPU
		{644331F3-8026-482F-8F07-47D893338866}.Debug|Any CPU.ActiveCfg = Debug|Any CPU
		{644331F3-8026-482F-8F07-47D893338866}.Debug|Any CPU.Build.0 = Debug|Any CPU
		{644331F3-8026-482F-8F07-47D893338866}.Release|Any CPU.ActiveCfg = Release|Any CPU
		{644331F3-8026-482F-8F07-47D893338866}.Release|Any CPU.Build.0 = Release|Any CPU
		{BF104307-7523-4402-8806-A26EBD7EE240}.Debug|Any CPU.ActiveCfg = Debug|Any CPU
		{BF104307-7523-4402-8806-A26EBD7EE240}.Debug|Any CPU.Build.0 = Debug|Any CPU
		{BF104307-7523-4402-8806-A26EBD7EE240}.Release|Any CPU.ActiveCfg = Release|Any CPU
		{BF104307-7523-4402-8806-A26EBD7EE240}.Release|Any CPU.Build.0 = Release|Any CPU
		{CB44A8BE-557E-4414-BC16-3BE87D621C1F}.Debug|Any CPU.ActiveCfg = Debug|Any CPU
		{CB44A8BE-557E-4414-BC16-3BE87D621C1F}.Debug|Any CPU.Build.0 = Debug|Any CPU
		{CB44A8BE-557E-4414-BC16-3BE87D621C1F}.Release|Any CPU.ActiveCfg = Release|Any CPU
		{CB44A8BE-557E-4414-BC16-3BE87D621C1F}.Release|Any CPU.Build.0 = Release|Any CPU
		{7BB22E25-E14C-499B-B89A-A08CB3019078}.Debug|Any CPU.ActiveCfg = Debug|Any CPU
		{7BB22E25-E14C-499B-B89A-A08CB3019078}.Debug|Any CPU.Build.0 = Debug|Any CPU
		{7BB22E25-E14C-499B-B89A-A08CB3019078}.Release|Any CPU.ActiveCfg = Release|Any CPU
		{7BB22E25-E14C-499B-B89A-A08CB3019078}.Release|Any CPU.Build.0 = Release|Any CPU
		{08880277-8D84-468A-8CFB-E760BF0B031D}.Debug|Any CPU.ActiveCfg = Debug|Any CPU
		{08880277-8D84-468A-8CFB-E760BF0B031D}.Debug|Any CPU.Build.0 = Debug|Any CPU
		{08880277-8D84-468A-8CFB-E760BF0B031D}.Release|Any CPU.ActiveCfg = Release|Any CPU
		{08880277-8D84-468A-8CFB-E760BF0B031D}.Release|Any CPU.Build.0 = Release|Any CPU
		{AEA3EAA9-95E8-44E1-B08C-C1BEDD8E8B16}.Debug|Any CPU.ActiveCfg = Debug|Any CPU
		{AEA3EAA9-95E8-44E1-B08C-C1BEDD8E8B16}.Debug|Any CPU.Build.0 = Debug|Any CPU
		{AEA3EAA9-95E8-44E1-B08C-C1BEDD8E8B16}.Release|Any CPU.ActiveCfg = Release|Any CPU
		{AEA3EAA9-95E8-44E1-B08C-C1BEDD8E8B16}.Release|Any CPU.Build.0 = Release|Any CPU
		{4CE1DAC3-3681-4221-9711-DBFB86F35B16}.Debug|Any CPU.ActiveCfg = Debug|Any CPU
		{4CE1DAC3-3681-4221-9711-DBFB86F35B16}.Debug|Any CPU.Build.0 = Debug|Any CPU
		{4CE1DAC3-3681-4221-9711-DBFB86F35B16}.Release|Any CPU.ActiveCfg = Release|Any CPU
		{4CE1DAC3-3681-4221-9711-DBFB86F35B16}.Release|Any CPU.Build.0 = Release|Any CPU
		{692C176F-2AED-4394-909E-F70941327647}.Debug|Any CPU.ActiveCfg = Debug|Any CPU
		{692C176F-2AED-4394-909E-F70941327647}.Debug|Any CPU.Build.0 = Debug|Any CPU
		{692C176F-2AED-4394-909E-F70941327647}.Release|Any CPU.ActiveCfg = Release|Any CPU
		{692C176F-2AED-4394-909E-F70941327647}.Release|Any CPU.Build.0 = Release|Any CPU
		{9412FD10-1FB0-4EF3-B89F-5E3867B2F38A}.Debug|Any CPU.ActiveCfg = Debug|Any CPU
		{9412FD10-1FB0-4EF3-B89F-5E3867B2F38A}.Debug|Any CPU.Build.0 = Debug|Any CPU
		{9412FD10-1FB0-4EF3-B89F-5E3867B2F38A}.Release|Any CPU.ActiveCfg = Release|Any CPU
		{9412FD10-1FB0-4EF3-B89F-5E3867B2F38A}.Release|Any CPU.Build.0 = Release|Any CPU
		{C937A885-B591-4924-803C-963B739498E8}.Debug|Any CPU.ActiveCfg = Debug|Any CPU
		{C937A885-B591-4924-803C-963B739498E8}.Debug|Any CPU.Build.0 = Debug|Any CPU
		{C937A885-B591-4924-803C-963B739498E8}.Release|Any CPU.ActiveCfg = Release|Any CPU
		{C937A885-B591-4924-803C-963B739498E8}.Release|Any CPU.Build.0 = Release|Any CPU
		{7610FA66-96BE-429F-AD93-506FF97FD5B2}.Debug|Any CPU.ActiveCfg = Debug|Any CPU
		{7610FA66-96BE-429F-AD93-506FF97FD5B2}.Debug|Any CPU.Build.0 = Debug|Any CPU
		{7610FA66-96BE-429F-AD93-506FF97FD5B2}.Release|Any CPU.ActiveCfg = Release|Any CPU
		{7610FA66-96BE-429F-AD93-506FF97FD5B2}.Release|Any CPU.Build.0 = Release|Any CPU
		{F0A426E9-F169-4790-B883-35695A2BB6EA}.Debug|Any CPU.ActiveCfg = Debug|Any CPU
		{F0A426E9-F169-4790-B883-35695A2BB6EA}.Debug|Any CPU.Build.0 = Debug|Any CPU
		{F0A426E9-F169-4790-B883-35695A2BB6EA}.Release|Any CPU.ActiveCfg = Release|Any CPU
		{F0A426E9-F169-4790-B883-35695A2BB6EA}.Release|Any CPU.Build.0 = Release|Any CPU
		{066860F7-E5CB-48A8-A6CD-6857EE5DF8EC}.Debug|Any CPU.ActiveCfg = Debug|Any CPU
		{066860F7-E5CB-48A8-A6CD-6857EE5DF8EC}.Debug|Any CPU.Build.0 = Debug|Any CPU
		{066860F7-E5CB-48A8-A6CD-6857EE5DF8EC}.Release|Any CPU.ActiveCfg = Release|Any CPU
		{066860F7-E5CB-48A8-A6CD-6857EE5DF8EC}.Release|Any CPU.Build.0 = Release|Any CPU
		{55CBD6D8-ABD3-4E1D-AD2F-BC7D54E5F16F}.Debug|Any CPU.ActiveCfg = Debug|Any CPU
		{55CBD6D8-ABD3-4E1D-AD2F-BC7D54E5F16F}.Debug|Any CPU.Build.0 = Debug|Any CPU
		{55CBD6D8-ABD3-4E1D-AD2F-BC7D54E5F16F}.Release|Any CPU.ActiveCfg = Release|Any CPU
		{55CBD6D8-ABD3-4E1D-AD2F-BC7D54E5F16F}.Release|Any CPU.Build.0 = Release|Any CPU
		{89B5D243-AE7F-497D-A0C5-68100AFEAF8C}.Debug|Any CPU.ActiveCfg = Debug|Any CPU
		{89B5D243-AE7F-497D-A0C5-68100AFEAF8C}.Debug|Any CPU.Build.0 = Debug|Any CPU
		{89B5D243-AE7F-497D-A0C5-68100AFEAF8C}.Release|Any CPU.ActiveCfg = Release|Any CPU
		{89B5D243-AE7F-497D-A0C5-68100AFEAF8C}.Release|Any CPU.Build.0 = Release|Any CPU
		{ABA99E00-D5CB-4C1F-88AE-B3BD678324FC}.Debug|Any CPU.ActiveCfg = Debug|Any CPU
		{ABA99E00-D5CB-4C1F-88AE-B3BD678324FC}.Debug|Any CPU.Build.0 = Debug|Any CPU
		{ABA99E00-D5CB-4C1F-88AE-B3BD678324FC}.Release|Any CPU.ActiveCfg = Release|Any CPU
		{ABA99E00-D5CB-4C1F-88AE-B3BD678324FC}.Release|Any CPU.Build.0 = Release|Any CPU
		{882CD9D1-3EE6-43DD-8F0E-4FC0556E6925}.Debug|Any CPU.ActiveCfg = Debug|Any CPU
		{882CD9D1-3EE6-43DD-8F0E-4FC0556E6925}.Debug|Any CPU.Build.0 = Debug|Any CPU
		{882CD9D1-3EE6-43DD-8F0E-4FC0556E6925}.Release|Any CPU.ActiveCfg = Release|Any CPU
		{882CD9D1-3EE6-43DD-8F0E-4FC0556E6925}.Release|Any CPU.Build.0 = Release|Any CPU
		{FAF630EB-8561-4FD4-BBF3-E812437D8592}.Debug|Any CPU.ActiveCfg = Debug|Any CPU
		{FAF630EB-8561-4FD4-BBF3-E812437D8592}.Debug|Any CPU.Build.0 = Debug|Any CPU
		{FAF630EB-8561-4FD4-BBF3-E812437D8592}.Release|Any CPU.ActiveCfg = Release|Any CPU
		{FAF630EB-8561-4FD4-BBF3-E812437D8592}.Release|Any CPU.Build.0 = Release|Any CPU
		{5D982E8D-0D19-4090-A9B5-7249B6CC6C8A}.Debug|Any CPU.ActiveCfg = Debug|Any CPU
		{5D982E8D-0D19-4090-A9B5-7249B6CC6C8A}.Debug|Any CPU.Build.0 = Debug|Any CPU
		{5D982E8D-0D19-4090-A9B5-7249B6CC6C8A}.Release|Any CPU.ActiveCfg = Release|Any CPU
		{5D982E8D-0D19-4090-A9B5-7249B6CC6C8A}.Release|Any CPU.Build.0 = Release|Any CPU
		{30A374E9-D5F6-4641-A4B3-271D8F508DC5}.Debug|Any CPU.ActiveCfg = Debug|Any CPU
		{30A374E9-D5F6-4641-A4B3-271D8F508DC5}.Debug|Any CPU.Build.0 = Debug|Any CPU
		{30A374E9-D5F6-4641-A4B3-271D8F508DC5}.Release|Any CPU.ActiveCfg = Release|Any CPU
		{30A374E9-D5F6-4641-A4B3-271D8F508DC5}.Release|Any CPU.Build.0 = Release|Any CPU
		{514A94DB-C79B-4435-B393-B1BBC50412AA}.Debug|Any CPU.ActiveCfg = Debug|Any CPU
		{514A94DB-C79B-4435-B393-B1BBC50412AA}.Debug|Any CPU.Build.0 = Debug|Any CPU
		{514A94DB-C79B-4435-B393-B1BBC50412AA}.Release|Any CPU.ActiveCfg = Release|Any CPU
		{514A94DB-C79B-4435-B393-B1BBC50412AA}.Release|Any CPU.Build.0 = Release|Any CPU
		{E272808F-3CFD-426D-BB79-705729470BFB}.Debug|Any CPU.ActiveCfg = Debug|Any CPU
		{E272808F-3CFD-426D-BB79-705729470BFB}.Debug|Any CPU.Build.0 = Debug|Any CPU
		{E272808F-3CFD-426D-BB79-705729470BFB}.Release|Any CPU.ActiveCfg = Release|Any CPU
		{E272808F-3CFD-426D-BB79-705729470BFB}.Release|Any CPU.Build.0 = Release|Any CPU
		{8AA7C863-3115-48F8-9AEB-AA2D370EC430}.Debug|Any CPU.ActiveCfg = Debug|Any CPU
		{8AA7C863-3115-48F8-9AEB-AA2D370EC430}.Debug|Any CPU.Build.0 = Debug|Any CPU
		{8AA7C863-3115-48F8-9AEB-AA2D370EC430}.Release|Any CPU.ActiveCfg = Release|Any CPU
		{8AA7C863-3115-48F8-9AEB-AA2D370EC430}.Release|Any CPU.Build.0 = Release|Any CPU
		{C3D23D6F-CECD-47F3-8DC9-B5A815342B0B}.Debug|Any CPU.ActiveCfg = Debug|Any CPU
		{C3D23D6F-CECD-47F3-8DC9-B5A815342B0B}.Debug|Any CPU.Build.0 = Debug|Any CPU
		{C3D23D6F-CECD-47F3-8DC9-B5A815342B0B}.Release|Any CPU.ActiveCfg = Release|Any CPU
		{C3D23D6F-CECD-47F3-8DC9-B5A815342B0B}.Release|Any CPU.Build.0 = Release|Any CPU
	EndGlobalSection
	GlobalSection(SolutionProperties) = preSolution
		HideSolutionNode = FALSE
	EndGlobalSection
	GlobalSection(NestedProjects) = preSolution
		{99A0CC03-20F8-4457-BA73-7EC65A0A82D6} = {D487328B-54D5-46D8-9904-2BCD8DEA8EC6}
		{6D0CAFE0-B4F3-4C75-9186-342684597200} = {D487328B-54D5-46D8-9904-2BCD8DEA8EC6}
		{66E41D2C-924A-44B4-A1AD-C9A8B36077A7} = {D487328B-54D5-46D8-9904-2BCD8DEA8EC6}
		{E03C8016-1FA0-4EAA-89E8-4447D57A20D8} = {D487328B-54D5-46D8-9904-2BCD8DEA8EC6}
		{FF4F094F-4731-4B06-983E-24500F6AEA7A} = {6D0CAFE0-B4F3-4C75-9186-342684597200}
		{644331F3-8026-482F-8F07-47D893338866} = {6D0CAFE0-B4F3-4C75-9186-342684597200}
		{BF104307-7523-4402-8806-A26EBD7EE240} = {6D0CAFE0-B4F3-4C75-9186-342684597200}
		{CB44A8BE-557E-4414-BC16-3BE87D621C1F} = {6D0CAFE0-B4F3-4C75-9186-342684597200}
		{4DE44626-7D92-4F9B-81A8-742816F438A7} = {D487328B-54D5-46D8-9904-2BCD8DEA8EC6}
		{7BB22E25-E14C-499B-B89A-A08CB3019078} = {4DE44626-7D92-4F9B-81A8-742816F438A7}
		{08880277-8D84-468A-8CFB-E760BF0B031D} = {4DE44626-7D92-4F9B-81A8-742816F438A7}
		{AEA3EAA9-95E8-44E1-B08C-C1BEDD8E8B16} = {4DE44626-7D92-4F9B-81A8-742816F438A7}
		{4CE1DAC3-3681-4221-9711-DBFB86F35B16} = {6D0CAFE0-B4F3-4C75-9186-342684597200}
		{692C176F-2AED-4394-909E-F70941327647} = {6D0CAFE0-B4F3-4C75-9186-342684597200}
		{9412FD10-1FB0-4EF3-B89F-5E3867B2F38A} = {708987A8-D4D3-4A20-A55A-E7DA5A932D8A}
		{C937A885-B591-4924-803C-963B739498E8} = {6D0CAFE0-B4F3-4C75-9186-342684597200}
		{7610FA66-96BE-429F-AD93-506FF97FD5B2} = {66E41D2C-924A-44B4-A1AD-C9A8B36077A7}
		{F0A426E9-F169-4790-B883-35695A2BB6EA} = {66E41D2C-924A-44B4-A1AD-C9A8B36077A7}
		{066860F7-E5CB-48A8-A6CD-6857EE5DF8EC} = {66E41D2C-924A-44B4-A1AD-C9A8B36077A7}
		{55CBD6D8-ABD3-4E1D-AD2F-BC7D54E5F16F} = {66E41D2C-924A-44B4-A1AD-C9A8B36077A7}
		{89B5D243-AE7F-497D-A0C5-68100AFEAF8C} = {66E41D2C-924A-44B4-A1AD-C9A8B36077A7}
		{ABA99E00-D5CB-4C1F-88AE-B3BD678324FC} = {66E41D2C-924A-44B4-A1AD-C9A8B36077A7}
		{882CD9D1-3EE6-43DD-8F0E-4FC0556E6925} = {66E41D2C-924A-44B4-A1AD-C9A8B36077A7}
		{FAF630EB-8561-4FD4-BBF3-E812437D8592} = {E03C8016-1FA0-4EAA-89E8-4447D57A20D8}
		{5D982E8D-0D19-4090-A9B5-7249B6CC6C8A} = {E03C8016-1FA0-4EAA-89E8-4447D57A20D8}
		{30A374E9-D5F6-4641-A4B3-271D8F508DC5} = {E03C8016-1FA0-4EAA-89E8-4447D57A20D8}
		{514A94DB-C79B-4435-B393-B1BBC50412AA} = {E03C8016-1FA0-4EAA-89E8-4447D57A20D8}
		{E272808F-3CFD-426D-BB79-705729470BFB} = {E03C8016-1FA0-4EAA-89E8-4447D57A20D8}
		{8AA7C863-3115-48F8-9AEB-AA2D370EC430} = {E03C8016-1FA0-4EAA-89E8-4447D57A20D8}
		{C3D23D6F-CECD-47F3-8DC9-B5A815342B0B} = {E03C8016-1FA0-4EAA-89E8-4447D57A20D8}
	EndGlobalSection
	GlobalSection(ExtensibilityGlobals) = postSolution
		SolutionGuid = {C6DF5DD2-ED18-4C17-99C8-13FB65BB62F5}
	EndGlobalSection
EndGlobal
